{
  "name": "barnz.dev",
  "version": "1.0.0",
  "lockfileVersion": 2,
  "requires": true,
  "packages": {
    "": {
      "name": "barnz.dev",
      "version": "1.0.0",
      "license": "ISC",
      "devDependencies": {
        "include-media": "^1.4.10",
        "reset-css": "^5.0.1"
      }
    },
    "node_modules/include-media": {
      "version": "1.4.10",
      "resolved": "https://registry.npmjs.org/include-media/-/include-media-1.4.10.tgz",
      "integrity": "sha512-TymQzKF7oWHbItEcEHOCponZ90lRr1I9QbYeD+qCxXy4Z0/pSpS4Ocz2bq3FMOERlXXrY9Sawsh9GjiObVQA6A==",
      "dev": true
    },
    "node_modules/reset-css": {
      "version": "5.0.1",
      "resolved": "https://registry.npmjs.org/reset-css/-/reset-css-5.0.1.tgz",
      "integrity": "sha512-VyuJdNFfp5x/W6e5wauJM59C02Vs0P22sxzZGhQMPaqu/NGTeFxlBFOOw3eq9vQd19gIDdZp7zi89ylyKOJ33Q==",
      "dev": true
    }
  },
  "dependencies": {
    "include-media": {
      "version": "1.4.10",
      "resolved": "https://registry.npmjs.org/include-media/-/include-media-1.4.10.tgz",
      "integrity": "sha512-TymQzKF7oWHbItEcEHOCponZ90lRr1I9QbYeD+qCxXy4Z0/pSpS4Ocz2bq3FMOERlXXrY9Sawsh9GjiObVQA6A==",
      "dev": true
    },
    "reset-css": {
      "version": "5.0.1",
      "resolved": "https://registry.npmjs.org/reset-css/-/reset-css-5.0.1.tgz",
      "integrity": "sha512-VyuJdNFfp5x/W6e5wauJM59C02Vs0P22sxzZGhQMPaqu/NGTeFxlBFOOw3eq9vQd19gIDdZp7zi89ylyKOJ33Q==",
      "dev": true
    }
  }
}
